
Microsoft Visual Studio Solution File, Format Version 12.00
# Visual Studio Version 16
VisualStudioVersion = 16.0.30907.101
MinimumVisualStudioVersion = 10.0.40219.1
Project("{9A19103F-16F7-4668-BE54-9A1E7A4F7556}") = "AnagramaOrdenaPalabras", "AnagramaOrdenaPalabras\AnagramaOrdenaPalabras.csproj", "{5F1999F8-1E8C-411E-A04D-EB189259D26F}"
EndProject
Project("{FAE04EC0-301F-11D3-BF4B-00C04F79EFBC}") = "AnagramaOrdenaPalabras.Test.Unit", "AnagramaOrdenaPalabras.Test.Unit\AnagramaOrdenaPalabras.Test.Unit.csproj", "{B4FF03E3-E024-4308-B057-86A34D4E6CD8}"
EndProject
Global
	GlobalSection(SolutionConfigurationPlatforms) = preSolution
		Debug|Any CPU = Debug|Any CPU
		Release|Any CPU = Release|Any CPU
	EndGlobalSection
	GlobalSection(ProjectConfigurationPlatforms) = postSolution
		{5F1999F8-1E8C-411E-A04D-EB189259D26F}.Debug|Any CPU.ActiveCfg = Debug|Any CPU
		{5F1999F8-1E8C-411E-A04D-EB189259D26F}.Debug|Any CPU.Build.0 = Debug|Any CPU
		{5F1999F8-1E8C-411E-A04D-EB189259D26F}.Release|Any CPU.ActiveCfg = Release|Any CPU
		{5F1999F8-1E8C-411E-A04D-EB189259D26F}.Release|Any CPU.Build.0 = Release|Any CPU
		{B4FF03E3-E024-4308-B057-86A34D4E6CD8}.Debug|Any CPU.ActiveCfg = Debug|Any CPU
		{B4FF03E3-E024-4308-B057-86A34D4E6CD8}.Debug|Any CPU.Build.0 = Debug|Any CPU
		{B4FF03E3-E024-4308-B057-86A34D4E6CD8}.Release|Any CPU.ActiveCfg = Release|Any CPU
		{B4FF03E3-E024-4308-B057-86A34D4E6CD8}.Release|Any CPU.Build.0 = Release|Any CPU
	EndGlobalSection
	GlobalSection(SolutionProperties) = preSolution
		HideSolutionNode = FALSE
	EndGlobalSection
	GlobalSection(ExtensibilityGlobals) = postSolution
		SolutionGuid = {578F5722-7260-4759-9D6D-92B6ADEF3CA5}
	EndGlobalSection
EndGlobal
